
Microsoft Visual Studio Solution File, Format Version 12.00
# Visual Studio Version 17
VisualStudioVersion = 17.4.33205.214
MinimumVisualStudioVersion = 10.0.40219.1
Project("{FAE04EC0-301F-11D3-BF4B-00C04F79EFBC}") = "Uno.Server", "Uno.Server\Uno.Server.csproj", "{13E3945B-0282-4908-818E-09F539E0114C}"
EndProject
Project("{FAE04EC0-301F-11D3-BF4B-00C04F79EFBC}") = "Uno.Client", "Uno.Client\Uno.Client.csproj", "{1DAF71C5-3101-41BE-BEDE-1F8883D5873B}"
EndProject
Project("{FAE04EC0-301F-11D3-BF4B-00C04F79EFBC}") = "Uno.Common", "Uno.Common\Uno.Common.csproj", "{A5BC68B0-3194-4FFA-8765-605629FEF465}"
EndProject
Global
	GlobalSection(SolutionConfigurationPlatforms) = preSolution
		Debug|Any CPU = Debug|Any CPU
		Release|Any CPU = Release|Any CPU
	EndGlobalSection
	GlobalSection(ProjectConfigurationPlatforms) = postSolution
		{13E3945B-0282-4908-818E-09F539E0114C}.Debug|Any CPU.ActiveCfg = Debug|Any CPU
		{13E3945B-0282-4908-818E-09F539E0114C}.Debug|Any CPU.Build.0 = Debug|Any CPU
		{13E3945B-0282-4908-818E-09F539E0114C}.Release|Any CPU.ActiveCfg = Release|Any CPU
		{13E3945B-0282-4908-818E-09F539E0114C}.Release|Any CPU.Build.0 = Release|Any CPU
		{1DAF71C5-3101-41BE-BEDE-1F8883D5873B}.Debug|Any CPU.ActiveCfg = Debug|Any CPU
		{1DAF71C5-3101-41BE-BEDE-1F8883D5873B}.Debug|Any CPU.Build.0 = Debug|Any CPU
		{1DAF71C5-3101-41BE-BEDE-1F8883D5873B}.Release|Any CPU.ActiveCfg = Release|Any CPU
		{1DAF71C5-3101-41BE-BEDE-1F8883D5873B}.Release|Any CPU.Build.0 = Release|Any CPU
		{A5BC68B0-3194-4FFA-8765-605629FEF465}.Debug|Any CPU.ActiveCfg = Debug|Any CPU
		{A5BC68B0-3194-4FFA-8765-605629FEF465}.Debug|Any CPU.Build.0 = Debug|Any CPU
		{A5BC68B0-3194-4FFA-8765-605629FEF465}.Release|Any CPU.ActiveCfg = Release|Any CPU
		{A5BC68B0-3194-4FFA-8765-605629FEF465}.Release|Any CPU.Build.0 = Release|Any CPU
	EndGlobalSection
	GlobalSection(SolutionProperties) = preSolution
		HideSolutionNode = FALSE
	EndGlobalSection
	GlobalSection(ExtensibilityGlobals) = postSolution
		SolutionGuid = {FC57639A-EB3F-4AF3-A6CF-03C177235F31}
	EndGlobalSection
EndGlobal
